// !$*UTF8*$!
{
	archiveVersion = 1;
	classes = {
	};
	objectVersion = 50;
	objects = {

/* Begin PBXBuildFile section */
		13AA6F4B2219143000DC3306 /* AppDelegate.swift in Sources */ = {isa = PBXBuildFile; fileRef = 13AA6F4A2219143000DC3306 /* AppDelegate.swift */; };
		13AA6F502219143000DC3306 /* Main.storyboard in Resources */ = {isa = PBXBuildFile; fileRef = 13AA6F4E2219143000DC3306 /* Main.storyboard */; };
		13AA6F522219143100DC3306 /* Assets.xcassets in Resources */ = {isa = PBXBuildFile; fileRef = 13AA6F512219143100DC3306 /* Assets.xcassets */; };
		13AA6F552219143100DC3306 /* LaunchScreen.storyboard in Resources */ = {isa = PBXBuildFile; fileRef = 13AA6F532219143100DC3306 /* LaunchScreen.storyboard */; };
		13AA6F5D221914E100DC3306 /* UploadViewController.swift in Sources */ = {isa = PBXBuildFile; fileRef = 13AA6F5C221914E100DC3306 /* UploadViewController.swift */; };
		13AA6F5F2219163D00DC3306 /* GoogleService-Info.plist in Resources */ = {isa = PBXBuildFile; fileRef = 13AA6F5E2219163D00DC3306 /* GoogleService-Info.plist */; };
		13AA6F6122191CAB00DC3306 /* LiveFeedViewController.swift in Sources */ = {isa = PBXBuildFile; fileRef = 13AA6F6022191CAB00DC3306 /* LiveFeedViewController.swift */; };
		13AA6F6322191CB100DC3306 /* ProfileViewController.swift in Sources */ = {isa = PBXBuildFile; fileRef = 13AA6F6222191CB100DC3306 /* ProfileViewController.swift */; };
		13AA6F6522191CB700DC3306 /* ExploreViewController.swift in Sources */ = {isa = PBXBuildFile; fileRef = 13AA6F6422191CB700DC3306 /* ExploreViewController.swift */; };
		13AA6F6722191CC900DC3306 /* PersonalActivityViewController.swift in Sources */ = {isa = PBXBuildFile; fileRef = 13AA6F6622191CC900DC3306 /* PersonalActivityViewController.swift */; };
		13AA6F6B22191DB200DC3306 /* VideoHelper.swift in Sources */ = {isa = PBXBuildFile; fileRef = 13AA6F6A22191DB200DC3306 /* VideoHelper.swift */; };
		13AA6F70221935A100DC3306 /* PostCell.swift in Sources */ = {isa = PBXBuildFile; fileRef = 13AA6F6F221935A100DC3306 /* PostCell.swift */; };
		7A400BA3394A926CED8E6B72 /* Pods_Uplift.framework in Frameworks */ = {isa = PBXBuildFile; fileRef = FC4EB157A72B731732A49BE3 /* Pods_Uplift.framework */; };
		FBA8F4332219569D00EFF326 /* HistoryCell.swift in Sources */ = {isa = PBXBuildFile; fileRef = FBA8F4322219569D00EFF326 /* HistoryCell.swift */; };
/* End PBXBuildFile section */

/* Begin PBXFileReference section */
		13AA6F472219143000DC3306 /* Uplift.app */ = {isa = PBXFileReference; explicitFileType = wrapper.application; includeInIndex = 0; path = Uplift.app; sourceTree = BUILT_PRODUCTS_DIR; };
		13AA6F4A2219143000DC3306 /* AppDelegate.swift */ = {isa = PBXFileReference; lastKnownFileType = sourcecode.swift; path = AppDelegate.swift; sourceTree = "<group>"; };
		13AA6F4F2219143000DC3306 /* Base */ = {isa = PBXFileReference; lastKnownFileType = file.storyboard; name = Base; path = Base.lproj/Main.storyboard; sourceTree = "<group>"; };
		13AA6F512219143100DC3306 /* Assets.xcassets */ = {isa = PBXFileReference; lastKnownFileType = folder.assetcatalog; path = Assets.xcassets; sourceTree = "<group>"; };
		13AA6F542219143100DC3306 /* Base */ = {isa = PBXFileReference; lastKnownFileType = file.storyboard; name = Base; path = Base.lproj/LaunchScreen.storyboard; sourceTree = "<group>"; };
		13AA6F562219143100DC3306 /* Info.plist */ = {isa = PBXFileReference; lastKnownFileType = text.plist.xml; path = Info.plist; sourceTree = "<group>"; };
		13AA6F5C221914E100DC3306 /* UploadViewController.swift */ = {isa = PBXFileReference; lastKnownFileType = sourcecode.swift; path = UploadViewController.swift; sourceTree = "<group>"; };
		13AA6F5E2219163D00DC3306 /* GoogleService-Info.plist */ = {isa = PBXFileReference; fileEncoding = 4; lastKnownFileType = text.plist.xml; path = "GoogleService-Info.plist"; sourceTree = "<group>"; };
		13AA6F6022191CAB00DC3306 /* LiveFeedViewController.swift */ = {isa = PBXFileReference; lastKnownFileType = sourcecode.swift; path = LiveFeedViewController.swift; sourceTree = "<group>"; };
		13AA6F6222191CB100DC3306 /* ProfileViewController.swift */ = {isa = PBXFileReference; lastKnownFileType = sourcecode.swift; path = ProfileViewController.swift; sourceTree = "<group>"; };
		13AA6F6422191CB700DC3306 /* ExploreViewController.swift */ = {isa = PBXFileReference; lastKnownFileType = sourcecode.swift; path = ExploreViewController.swift; sourceTree = "<group>"; };
		13AA6F6622191CC900DC3306 /* PersonalActivityViewController.swift */ = {isa = PBXFileReference; lastKnownFileType = sourcecode.swift; path = PersonalActivityViewController.swift; sourceTree = "<group>"; };
		13AA6F6A22191DB200DC3306 /* VideoHelper.swift */ = {isa = PBXFileReference; lastKnownFileType = sourcecode.swift; path = VideoHelper.swift; sourceTree = "<group>"; };
		13AA6F6F221935A100DC3306 /* PostCell.swift */ = {isa = PBXFileReference; lastKnownFileType = sourcecode.swift; path = PostCell.swift; sourceTree = "<group>"; };
		483CBBA7C5C862E205D6BC91 /* Pods-Uplift.debug.xcconfig */ = {isa = PBXFileReference; includeInIndex = 1; lastKnownFileType = text.xcconfig; name = "Pods-Uplift.debug.xcconfig"; path = "Target Support Files/Pods-Uplift/Pods-Uplift.debug.xcconfig"; sourceTree = "<group>"; };
		B71B42A4B2B878E33379C458 /* Pods-Uplift.release.xcconfig */ = {isa = PBXFileReference; includeInIndex = 1; lastKnownFileType = text.xcconfig; name = "Pods-Uplift.release.xcconfig"; path = "Target Support Files/Pods-Uplift/Pods-Uplift.release.xcconfig"; sourceTree = "<group>"; };
		FBA8F4322219569D00EFF326 /* HistoryCell.swift */ = {isa = PBXFileReference; lastKnownFileType = sourcecode.swift; path = HistoryCell.swift; sourceTree = "<group>"; };
		FC4EB157A72B731732A49BE3 /* Pods_Uplift.framework */ = {isa = PBXFileReference; explicitFileType = wrapper.framework; includeInIndex = 0; path = Pods_Uplift.framework; sourceTree = BUILT_PRODUCTS_DIR; };
/* End PBXFileReference section */

/* Begin PBXFrameworksBuildPhase section */
		13AA6F442219143000DC3306 /* Frameworks */ = {
			isa = PBXFrameworksBuildPhase;
			buildActionMask = 2147483647;
			files = (
				7A400BA3394A926CED8E6B72 /* Pods_Uplift.framework in Frameworks */,
			);
			runOnlyForDeploymentPostprocessing = 0;
		};
/* End PBXFrameworksBuildPhase section */

/* Begin PBXGroup section */
		13AA6F3E2219143000DC3306 = {
			isa = PBXGroup;
			children = (
				13AA6F492219143000DC3306 /* Uplift */,
				13AA6F482219143000DC3306 /* Products */,
				308319BD1FD5652B575493B0 /* Pods */,
				6A42CE16F4BF68C354B3DD8B /* Frameworks */,
			);
			sourceTree = "<group>";
		};
		13AA6F482219143000DC3306 /* Products */ = {
			isa = PBXGroup;
			children = (
				13AA6F472219143000DC3306 /* Uplift.app */,
			);
			name = Products;
			sourceTree = "<group>";
		};
		13AA6F492219143000DC3306 /* Uplift */ = {
			isa = PBXGroup;
			children = (
				13AA6F6C22191DC200DC3306 /* Controllers */,
				13AA6F4A2219143000DC3306 /* AppDelegate.swift */,
				13AA6F6F221935A100DC3306 /* PostCell.swift */,
				13AA6F4E2219143000DC3306 /* Main.storyboard */,
				13AA6F6A22191DB200DC3306 /* VideoHelper.swift */,
				13AA6F512219143100DC3306 /* Assets.xcassets */,
				13AA6F532219143100DC3306 /* LaunchScreen.storyboard */,
				13AA6F562219143100DC3306 /* Info.plist */,
				13AA6F5E2219163D00DC3306 /* GoogleService-Info.plist */,
			);
			path = Uplift;
			sourceTree = "<group>";
		};
		13AA6F6C22191DC200DC3306 /* Controllers */ = {
			isa = PBXGroup;
			children = (
				13AA6F6022191CAB00DC3306 /* LiveFeedViewController.swift */,
				13AA6F6222191CB100DC3306 /* ProfileViewController.swift */,
				13AA6F6422191CB700DC3306 /* ExploreViewController.swift */,
				13AA6F6622191CC900DC3306 /* PersonalActivityViewController.swift */,
				13AA6F5C221914E100DC3306 /* UploadViewController.swift */,
				13AA6F6F221935A100DC3306 /* PostCell.swift */,
				FBA8F4322219569D00EFF326 /* HistoryCell.swift */,
			);
			path = Controllers;
			sourceTree = "<group>";
		};
		308319BD1FD5652B575493B0 /* Pods */ = {
			isa = PBXGroup;
			children = (
				483CBBA7C5C862E205D6BC91 /* Pods-Uplift.debug.xcconfig */,
				B71B42A4B2B878E33379C458 /* Pods-Uplift.release.xcconfig */,
			);
			path = Pods;
			sourceTree = "<group>";
		};
		6A42CE16F4BF68C354B3DD8B /* Frameworks */ = {
			isa = PBXGroup;
			children = (
				FC4EB157A72B731732A49BE3 /* Pods_Uplift.framework */,
			);
			name = Frameworks;
			sourceTree = "<group>";
		};
/* End PBXGroup section */

/* Begin PBXNativeTarget section */
		13AA6F462219143000DC3306 /* Uplift */ = {
			isa = PBXNativeTarget;
			buildConfigurationList = 13AA6F592219143100DC3306 /* Build configuration list for PBXNativeTarget "Uplift" */;
			buildPhases = (
				91830D60DCE74034D40E6507 /* [CP] Check Pods Manifest.lock */,
				13AA6F432219143000DC3306 /* Sources */,
				13AA6F442219143000DC3306 /* Frameworks */,
				13AA6F452219143000DC3306 /* Resources */,
				560B29EBA6C0587970616018 /* [CP] Embed Pods Frameworks */,
			);
			buildRules = (
			);
			dependencies = (
			);
			name = Uplift;
			productName = Uplift;
			productReference = 13AA6F472219143000DC3306 /* Uplift.app */;
			productType = "com.apple.product-type.application";
		};
/* End PBXNativeTarget section */

/* Begin PBXProject section */
		13AA6F3F2219143000DC3306 /* Project object */ = {
			isa = PBXProject;
			attributes = {
				LastSwiftUpdateCheck = 1010;
				LastUpgradeCheck = 1010;
				ORGANIZATIONNAME = "Matthew Rodriguez";
				TargetAttributes = {
					13AA6F462219143000DC3306 = {
						CreatedOnToolsVersion = 10.1;
					};
				};
			};
			buildConfigurationList = 13AA6F422219143000DC3306 /* Build configuration list for PBXProject "Uplift" */;
			compatibilityVersion = "Xcode 9.3";
			developmentRegion = en;
			hasScannedForEncodings = 0;
			knownRegions = (
				en,
				Base,
			);
			mainGroup = 13AA6F3E2219143000DC3306;
			productRefGroup = 13AA6F482219143000DC3306 /* Products */;
			projectDirPath = "";
			projectRoot = "";
			targets = (
				13AA6F462219143000DC3306 /* Uplift */,
			);
		};
/* End PBXProject section */

/* Begin PBXResourcesBuildPhase section */
		13AA6F452219143000DC3306 /* Resources */ = {
			isa = PBXResourcesBuildPhase;
			buildActionMask = 2147483647;
			files = (
				13AA6F552219143100DC3306 /* LaunchScreen.storyboard in Resources */,
				13AA6F5F2219163D00DC3306 /* GoogleService-Info.plist in Resources */,
				13AA6F522219143100DC3306 /* Assets.xcassets in Resources */,
				13AA6F502219143000DC3306 /* Main.storyboard in Resources */,
			);
			runOnlyForDeploymentPostprocessing = 0;
		};
/* End PBXResourcesBuildPhase section */

/* Begin PBXShellScriptBuildPhase section */
		560B29EBA6C0587970616018 /* [CP] Embed Pods Frameworks */ = {
			isa = PBXShellScriptBuildPhase;
			buildActionMask = 2147483647;
			files = (
			);
			inputFileListPaths = (
			);
			inputPaths = (
				"${PODS_ROOT}/Target Support Files/Pods-Uplift/Pods-Uplift-frameworks.sh",
				"${BUILT_PRODUCTS_DIR}/GTMSessionFetcher/GTMSessionFetcher.framework",
				"${BUILT_PRODUCTS_DIR}/GoogleUtilities/GoogleUtilities.framework",
				"${BUILT_PRODUCTS_DIR}/leveldb-library/leveldb.framework",
				"${BUILT_PRODUCTS_DIR}/nanopb/nanopb.framework",
			);
			name = "[CP] Embed Pods Frameworks";
			outputFileListPaths = (
			);
			outputPaths = (
				"${TARGET_BUILD_DIR}/${FRAMEWORKS_FOLDER_PATH}/GTMSessionFetcher.framework",
				"${TARGET_BUILD_DIR}/${FRAMEWORKS_FOLDER_PATH}/GoogleUtilities.framework",
				"${TARGET_BUILD_DIR}/${FRAMEWORKS_FOLDER_PATH}/leveldb.framework",
				"${TARGET_BUILD_DIR}/${FRAMEWORKS_FOLDER_PATH}/nanopb.framework",
			);
			runOnlyForDeploymentPostprocessing = 0;
			shellPath = /bin/sh;
			shellScript = "\"${PODS_ROOT}/Target Support Files/Pods-Uplift/Pods-Uplift-frameworks.sh\"\n";
			showEnvVarsInLog = 0;
		};
		91830D60DCE74034D40E6507 /* [CP] Check Pods Manifest.lock */ = {
			isa = PBXShellScriptBuildPhase;
			buildActionMask = 2147483647;
			files = (
			);
			inputFileListPaths = (
			);
			inputPaths = (
				"${PODS_PODFILE_DIR_PATH}/Podfile.lock",
				"${PODS_ROOT}/Manifest.lock",
			);
			name = "[CP] Check Pods Manifest.lock";
			outputFileListPaths = (
			);
			outputPaths = (
				"$(DERIVED_FILE_DIR)/Pods-Uplift-checkManifestLockResult.txt",
			);
			runOnlyForDeploymentPostprocessing = 0;
			shellPath = /bin/sh;
			shellScript = "diff \"${PODS_PODFILE_DIR_PATH}/Podfile.lock\" \"${PODS_ROOT}/Manifest.lock\" > /dev/null\nif [ $? != 0 ] ; then\n    # print error to STDERR\n    echo \"error: The sandbox is not in sync with the Podfile.lock. Run 'pod install' or update your CocoaPods installation.\" >&2\n    exit 1\nfi\n# This output is used by Xcode 'outputs' to avoid re-running this script phase.\necho \"SUCCESS\" > \"${SCRIPT_OUTPUT_FILE_0}\"\n";
			showEnvVarsInLog = 0;
		};
/* End PBXShellScriptBuildPhase section */

/* Begin PBXSourcesBuildPhase section */
		13AA6F432219143000DC3306 /* Sources */ = {
			isa = PBXSourcesBuildPhase;
			buildActionMask = 2147483647;
			files = (
				13AA6F4B2219143000DC3306 /* AppDelegate.swift in Sources */,
				13AA6F6722191CC900DC3306 /* PersonalActivityViewController.swift in Sources */,
				13AA6F6B22191DB200DC3306 /* VideoHelper.swift in Sources */,
				FBA8F4332219569D00EFF326 /* HistoryCell.swift in Sources */,
				13AA6F5D221914E100DC3306 /* UploadViewController.swift in Sources */,
				13AA6F6522191CB700DC3306 /* ExploreViewController.swift in Sources */,
				13AA6F6322191CB100DC3306 /* ProfileViewController.swift in Sources */,
				13AA6F6122191CAB00DC3306 /* LiveFeedViewController.swift in Sources */,
				13AA6F70221935A100DC3306 /* PostCell.swift in Sources */,
			);
			runOnlyForDeploymentPostprocessing = 0;
		};
/* End PBXSourcesBuildPhase section */

/* Begin PBXVariantGroup section */
		13AA6F4E2219143000DC3306 /* Main.storyboard */ = {
			isa = PBXVariantGroup;
			children = (
				13AA6F4F2219143000DC3306 /* Base */,
			);
			name = Main.storyboard;
			sourceTree = "<group>";
		};
		13AA6F532219143100DC3306 /* LaunchScreen.storyboard */ = {
			isa = PBXVariantGroup;
			children = (
				13AA6F542219143100DC3306 /* Base */,
			);
			name = LaunchScreen.storyboard;
			sourceTree = "<group>";
		};
/* End PBXVariantGroup section */

/* Begin XCBuildConfiguration section */
		13AA6F572219143100DC3306 /* Debug */ = {
			isa = XCBuildConfiguration;
			buildSettings = {
				ALWAYS_SEARCH_USER_PATHS = NO;
				CLANG_ANALYZER_NONNULL = YES;
				CLANG_ANALYZER_NUMBER_OBJECT_CONVERSION = YES_AGGRESSIVE;
				CLANG_CXX_LANGUAGE_STANDARD = "gnu++14";
				CLANG_CXX_LIBRARY = "libc++";
				CLANG_ENABLE_MODULES = YES;
				CLANG_ENABLE_OBJC_ARC = YES;
				CLANG_ENABLE_OBJC_WEAK = YES;
				CLANG_WARN_BLOCK_CAPTURE_AUTORELEASING = YES;
				CLANG_WARN_BOOL_CONVERSION = YES;
				CLANG_WARN_COMMA = YES;
				CLANG_WARN_CONSTANT_CONVERSION = YES;
				CLANG_WARN_DEPRECATED_OBJC_IMPLEMENTATIONS = YES;
				CLANG_WARN_DIRECT_OBJC_ISA_USAGE = YES_ERROR;
				CLANG_WARN_DOCUMENTATION_COMMENTS = YES;
				CLANG_WARN_EMPTY_BODY = YES;
				CLANG_WARN_ENUM_CONVERSION = YES;
				CLANG_WARN_INFINITE_RECURSION = YES;
				CLANG_WARN_INT_CONVERSION = YES;
				CLANG_WARN_NON_LITERAL_NULL_CONVERSION = YES;
				CLANG_WARN_OBJC_IMPLICIT_RETAIN_SELF = YES;
				CLANG_WARN_OBJC_LITERAL_CONVERSION = YES;
				CLANG_WARN_OBJC_ROOT_CLASS = YES_ERROR;
				CLANG_WARN_RANGE_LOOP_ANALYSIS = YES;
				CLANG_WARN_STRICT_PROTOTYPES = YES;
				CLANG_WARN_SUSPICIOUS_MOVE = YES;
				CLANG_WARN_UNGUARDED_AVAILABILITY = YES_AGGRESSIVE;
				CLANG_WARN_UNREACHABLE_CODE = YES;
				CLANG_WARN__DUPLICATE_METHOD_MATCH = YES;
				CODE_SIGN_IDENTITY = "iPhone Developer";
				COPY_PHASE_STRIP = NO;
				DEBUG_INFORMATION_FORMAT = dwarf;
				ENABLE_STRICT_OBJC_MSGSEND = YES;
				ENABLE_TESTABILITY = YES;
				GCC_C_LANGUAGE_STANDARD = gnu11;
				GCC_DYNAMIC_NO_PIC = NO;
				GCC_NO_COMMON_BLOCKS = YES;
				GCC_OPTIMIZATION_LEVEL = 0;
				GCC_PREPROCESSOR_DEFINITIONS = (
					"DEBUG=1",
					"$(inherited)",
				);
				GCC_WARN_64_TO_32_BIT_CONVERSION = YES;
				GCC_WARN_ABOUT_RETURN_TYPE = YES_ERROR;
				GCC_WARN_UNDECLARED_SELECTOR = YES;
				GCC_WARN_UNINITIALIZED_AUTOS = YES_AGGRESSIVE;
				GCC_WARN_UNUSED_FUNCTION = YES;
				GCC_WARN_UNUSED_VARIABLE = YES;
				IPHONEOS_DEPLOYMENT_TARGET = 12.1;
				MTL_ENABLE_DEBUG_INFO = INCLUDE_SOURCE;
				MTL_FAST_MATH = YES;
				ONLY_ACTIVE_ARCH = YES;
				SDKROOT = iphoneos;
				SWIFT_ACTIVE_COMPILATION_CONDITIONS = DEBUG;
				SWIFT_OPTIMIZATION_LEVEL = "-Onone";
			};
			name = Debug;
		};
		13AA6F582219143100DC3306 /* Release */ = {
			isa = XCBuildConfiguration;
			buildSettings = {
				ALWAYS_SEARCH_USER_PATHS = NO;
				CLANG_ANALYZER_NONNULL = YES;
				CLANG_ANALYZER_NUMBER_OBJECT_CONVERSION = YES_AGGRESSIVE;
				CLANG_CXX_LANGUAGE_STANDARD = "gnu++14";
				CLANG_CXX_LIBRARY = "libc++";
				CLANG_ENABLE_MODULES = YES;
				CLANG_ENABLE_OBJC_ARC = YES;
				CLANG_ENABLE_OBJC_WEAK = YES;
				CLANG_WARN_BLOCK_CAPTURE_AUTORELEASING = YES;
				CLANG_WARN_BOOL_CONVERSION = YES;
				CLANG_WARN_COMMA = YES;
				CLANG_WARN_CONSTANT_CONVERSION = YES;
				CLANG_WARN_DEPRECATED_OBJC_IMPLEMENTATIONS = YES;
				CLANG_WARN_DIRECT_OBJC_ISA_USAGE = YES_ERROR;
				CLANG_WARN_DOCUMENTATION_COMMENTS = YES;
				CLANG_WARN_EMPTY_BODY = YES;
				CLANG_WARN_ENUM_CONVERSION = YES;
				CLANG_WARN_INFINITE_RECURSION = YES;
				CLANG_WARN_INT_CONVERSION = YES;
				CLANG_WARN_NON_LITERAL_NULL_CONVERSION = YES;
				CLANG_WARN_OBJC_IMPLICIT_RETAIN_SELF = YES;
				CLANG_WARN_OBJC_LITERAL_CONVERSION = YES;
				CLANG_WARN_OBJC_ROOT_CLASS = YES_ERROR;
				CLANG_WARN_RANGE_LOOP_ANALYSIS = YES;
				CLANG_WARN_STRICT_PROTOTYPES = YES;
				CLANG_WARN_SUSPICIOUS_MOVE = YES;
				CLANG_WARN_UNGUARDED_AVAILABILITY = YES_AGGRESSIVE;
				CLANG_WARN_UNREACHABLE_CODE = YES;
				CLANG_WARN__DUPLICATE_METHOD_MATCH = YES;
				CODE_SIGN_IDENTITY = "iPhone Developer";
				COPY_PHASE_STRIP = NO;
				DEBUG_INFORMATION_FORMAT = "dwarf-with-dsym";
				ENABLE_NS_ASSERTIONS = NO;
				ENABLE_STRICT_OBJC_MSGSEND = YES;
				GCC_C_LANGUAGE_STANDARD = gnu11;
				GCC_NO_COMMON_BLOCKS = YES;
				GCC_WARN_64_TO_32_BIT_CONVERSION = YES;
				GCC_WARN_ABOUT_RETURN_TYPE = YES_ERROR;
				GCC_WARN_UNDECLARED_SELECTOR = YES;
				GCC_WARN_UNINITIALIZED_AUTOS = YES_AGGRESSIVE;
				GCC_WARN_UNUSED_FUNCTION = YES;
				GCC_WARN_UNUSED_VARIABLE = YES;
				IPHONEOS_DEPLOYMENT_TARGET = 12.1;
				MTL_ENABLE_DEBUG_INFO = NO;
				MTL_FAST_MATH = YES;
				SDKROOT = iphoneos;
				SWIFT_COMPILATION_MODE = wholemodule;
				SWIFT_OPTIMIZATION_LEVEL = "-O";
				VALIDATE_PRODUCT = YES;
			};
			name = Release;
		};
		13AA6F5A2219143100DC3306 /* Debug */ = {
			isa = XCBuildConfiguration;
			baseConfigurationReference = 483CBBA7C5C862E205D6BC91 /* Pods-Uplift.debug.xcconfig */;
			buildSettings = {
				ASSETCATALOG_COMPILER_APPICON_NAME = AppIcon;
				CODE_SIGN_STYLE = Automatic;
				DEVELOPMENT_TEAM = VAM3A58Y83;
				INFOPLIST_FILE = Uplift/Info.plist;
				LD_RUNPATH_SEARCH_PATHS = (
					"$(inherited)",
					"@executable_path/Frameworks",
				);
				PRODUCT_BUNDLE_IDENTIFIER = com.matthewRodriguez.Uplift;
				PRODUCT_NAME = "$(TARGET_NAME)";
				SWIFT_VERSION = 4.2;
				TARGETED_DEVICE_FAMILY = "1,2";
			};
			name = Debug;
		};
		13AA6F5B2219143100DC3306 /* Release */ = {
			isa = XCBuildConfiguration;
			baseConfigurationReference = B71B42A4B2B878E33379C458 /* Pods-Uplift.release.xcconfig */;
			buildSettings = {
				ASSETCATALOG_COMPILER_APPICON_NAME = AppIcon;
				CODE_SIGN_STYLE = Automatic;
				DEVELOPMENT_TEAM = VAM3A58Y83;
				INFOPLIST_FILE = Uplift/Info.plist;
				LD_RUNPATH_SEARCH_PATHS = (
					"$(inherited)",
					"@executable_path/Frameworks",
				);
				PRODUCT_BUNDLE_IDENTIFIER = com.matthewRodriguez.Uplift;
				PRODUCT_NAME = "$(TARGET_NAME)";
				SWIFT_VERSION = 4.2;
				TARGETED_DEVICE_FAMILY = "1,2";
			};
			name = Release;
		};
/* End XCBuildConfiguration section */

/* Begin XCConfigurationList section */
		13AA6F422219143000DC3306 /* Build configuration list for PBXProject "Uplift" */ = {
			isa = XCConfigurationList;
			buildConfigurations = (
				13AA6F572219143100DC3306 /* Debug */,
				13AA6F582219143100DC3306 /* Release */,
			);
			defaultConfigurationIsVisible = 0;
			defaultConfigurationName = Release;
		};
		13AA6F592219143100DC3306 /* Build configuration list for PBXNativeTarget "Uplift" */ = {
			isa = XCConfigurationList;
			buildConfigurations = (
				13AA6F5A2219143100DC3306 /* Debug */,
				13AA6F5B2219143100DC3306 /* Release */,
			);
			defaultConfigurationIsVisible = 0;
			defaultConfigurationName = Release;
		};
/* End XCConfigurationList section */
	};
	rootObject = 13AA6F3F2219143000DC3306 /* Project object */;
}
